
Microsoft Visual Studio Solution File, Format Version 12.00
# Visual Studio Version 17
VisualStudioVersion = 17.0.31903.59
MinimumVisualStudioVersion = 10.0.40219.1
Project("{2150E333-8FDC-42A3-9474-1A3956D46DE8}") = "src", "src", "{E951A137-022F-4DD0-A7F3-B6628E2ED505}"
EndProject
Project("{2150E333-8FDC-42A3-9474-1A3956D46DE8}") = "API", "API", "{FDCB9B74-1E3E-4839-B3BB-4E40B7F9A231}"
EndProject
Project("{2150E333-8FDC-42A3-9474-1A3956D46DE8}") = "Gateway", "Gateway", "{C2FF1213-2ED8-430F-8CBA-DC948FB7E0F3}"
EndProject
Project("{FAE04EC0-301F-11D3-BF4B-00C04F79EFBC}") = "MegaApp.OcelotGateway", "src\API\Gateway\MegaApp.OcelotGateway\MegaApp.OcelotGateway.csproj", "{30A8FF08-8382-4B73-8F8D-E498E6EC97A1}"
EndProject
Project("{FAE04EC0-301F-11D3-BF4B-00C04F79EFBC}") = "MegaApp.YarpGateway", "src\API\Gateway\MegaApp.YarpGateway\MegaApp.YarpGateway.csproj", "{2207ADDD-1523-447A-9921-72293D8DE4E4}"
EndProject
Project("{2150E333-8FDC-42A3-9474-1A3956D46DE8}") = "Security", "Security", "{0C2050E8-E921-490C-9A6C-80F5D91D1070}"
EndProject
Project("{FAE04EC0-301F-11D3-BF4B-00C04F79EFBC}") = "MegaApp.IdentitySecurity", "src\API\Security\MegaApp.IdentitySecurity\MegaApp.IdentitySecurity.csproj", "{A47B792C-08B9-49B3-B997-917543C91171}"
EndProject
Project("{FAE04EC0-301F-11D3-BF4B-00C04F79EFBC}") = "MegaApp.KeycloakSecurity", "src\API\Security\MegaApp.KeycloakSecurity\MegaApp.KeycloakSecurity.csproj", "{434452FA-8EA4-435A-B953-CFE442B17331}"
EndProject
Project("{FAE04EC0-301F-11D3-BF4B-00C04F79EFBC}") = "MegaApp.HostelManagementAPI", "src\API\MegaApp.HostelManagementAPI\MegaApp.HostelManagementAPI.csproj", "{42E6F949-6AC5-4B88-BE4D-8768961D4F2A}"
EndProject
Project("{2150E333-8FDC-42A3-9474-1A3956D46DE8}") = "Core", "Core", "{2F52F0DB-FC71-4166-9060-140B154D8830}"
EndProject
Project("{FAE04EC0-301F-11D3-BF4B-00C04F79EFBC}") = "MegaApp.Application", "src\Core\MegaApp.Application\MegaApp.Application.csproj", "{F99FD809-8031-493A-BC7F-AEF6EA9D9878}"
EndProject
Project("{FAE04EC0-301F-11D3-BF4B-00C04F79EFBC}") = "MegaApp.Domain", "src\Core\MegaApp.Domain\MegaApp.Domain.csproj", "{BEF9DA62-A363-496D-ACAA-8373EF0AA105}"
EndProject
Project("{2150E333-8FDC-42A3-9474-1A3956D46DE8}") = "Infrastructure", "Infrastructure", "{801404CB-8317-45E8-B405-11A27E8D38AB}"
EndProject
Project("{FAE04EC0-301F-11D3-BF4B-00C04F79EFBC}") = "MegaApp.Infrastructure", "src\Infrastructure\MegaApp.Infrastructure\MegaApp.Infrastructure.csproj", "{3BAECD64-9748-43F0-823E-CC7CC7F9DE50}"
EndProject
Project("{FAE04EC0-301F-11D3-BF4B-00C04F79EFBC}") = "MegaApp.Persistance", "src\Infrastructure\MegaApp.Persistance\MegaApp.Persistance.csproj", "{8CECFB44-E668-4665-B13E-82C14F2A8F72}"
EndProject
Project("{2150E333-8FDC-42A3-9474-1A3956D46DE8}") = "test", "test", "{F1FC8D78-398E-4475-A6C3-44CEAD954D27}"
EndProject
Project("{FAE04EC0-301F-11D3-BF4B-00C04F79EFBC}") = "UnitTests", "test\UnitTests\UnitTests.csproj", "{B3D23C06-FA04-45E6-B652-BB5A44051DC7}"
EndProject
Project("{FAE04EC0-301F-11D3-BF4B-00C04F79EFBC}") = "IntegrationTests", "test\IntegrationTests\IntegrationTests.csproj", "{2F8999A4-F87C-425B-9E15-2B27EEAD72DE}"
EndProject
Project("{FAE04EC0-301F-11D3-BF4B-00C04F79EFBC}") = "ArchitecturalTests", "test\ArchitecturalTests\ArchitecturalTests.csproj", "{B1A894DA-D399-4899-836F-C565D8C951BE}"
EndProject
Project("{FAE04EC0-301F-11D3-BF4B-00C04F79EFBC}") = "PerformanceTests", "test\PerformanceTests\PerformanceTests.csproj", "{68DF41D5-1244-4D2E-8090-A68D2C18F468}"
EndProject
Project("{FAE04EC0-301F-11D3-BF4B-00C04F79EFBC}") = "MegaApp.VeritasGateway", "src\API\Gateway\MegaApp.VeritasGateway\MegaApp.VeritasGateway.csproj", "{F4E9E30F-E9FA-4D34-A494-6C8EAE37AF0A}"
EndProject
Global
	GlobalSection(SolutionConfigurationPlatforms) = preSolution
		Debug|Any CPU = Debug|Any CPU
		Release|Any CPU = Release|Any CPU
	EndGlobalSection
	GlobalSection(SolutionProperties) = preSolution
		HideSolutionNode = FALSE
	EndGlobalSection
	GlobalSection(ProjectConfigurationPlatforms) = postSolution
		{30A8FF08-8382-4B73-8F8D-E498E6EC97A1}.Debug|Any CPU.ActiveCfg = Debug|Any CPU
		{30A8FF08-8382-4B73-8F8D-E498E6EC97A1}.Debug|Any CPU.Build.0 = Debug|Any CPU
		{30A8FF08-8382-4B73-8F8D-E498E6EC97A1}.Release|Any CPU.ActiveCfg = Release|Any CPU
		{30A8FF08-8382-4B73-8F8D-E498E6EC97A1}.Release|Any CPU.Build.0 = Release|Any CPU
		{2207ADDD-1523-447A-9921-72293D8DE4E4}.Debug|Any CPU.ActiveCfg = Debug|Any CPU
		{2207ADDD-1523-447A-9921-72293D8DE4E4}.Debug|Any CPU.Build.0 = Debug|Any CPU
		{2207ADDD-1523-447A-9921-72293D8DE4E4}.Release|Any CPU.ActiveCfg = Release|Any CPU
		{2207ADDD-1523-447A-9921-72293D8DE4E4}.Release|Any CPU.Build.0 = Release|Any CPU
		{A47B792C-08B9-49B3-B997-917543C91171}.Debug|Any CPU.ActiveCfg = Debug|Any CPU
		{A47B792C-08B9-49B3-B997-917543C91171}.Debug|Any CPU.Build.0 = Debug|Any CPU
		{A47B792C-08B9-49B3-B997-917543C91171}.Release|Any CPU.ActiveCfg = Release|Any CPU
		{A47B792C-08B9-49B3-B997-917543C91171}.Release|Any CPU.Build.0 = Release|Any CPU
		{434452FA-8EA4-435A-B953-CFE442B17331}.Debug|Any CPU.ActiveCfg = Debug|Any CPU
		{434452FA-8EA4-435A-B953-CFE442B17331}.Debug|Any CPU.Build.0 = Debug|Any CPU
		{434452FA-8EA4-435A-B953-CFE442B17331}.Release|Any CPU.ActiveCfg = Release|Any CPU
		{434452FA-8EA4-435A-B953-CFE442B17331}.Release|Any CPU.Build.0 = Release|Any CPU
		{42E6F949-6AC5-4B88-BE4D-8768961D4F2A}.Debug|Any CPU.ActiveCfg = Debug|Any CPU
		{42E6F949-6AC5-4B88-BE4D-8768961D4F2A}.Debug|Any CPU.Build.0 = Debug|Any CPU
		{42E6F949-6AC5-4B88-BE4D-8768961D4F2A}.Release|Any CPU.ActiveCfg = Release|Any CPU
		{42E6F949-6AC5-4B88-BE4D-8768961D4F2A}.Release|Any CPU.Build.0 = Release|Any CPU
		{F99FD809-8031-493A-BC7F-AEF6EA9D9878}.Debug|Any CPU.ActiveCfg = Debug|Any CPU
		{F99FD809-8031-493A-BC7F-AEF6EA9D9878}.Debug|Any CPU.Build.0 = Debug|Any CPU
		{F99FD809-8031-493A-BC7F-AEF6EA9D9878}.Release|Any CPU.ActiveCfg = Release|Any CPU
		{F99FD809-8031-493A-BC7F-AEF6EA9D9878}.Release|Any CPU.Build.0 = Release|Any CPU
		{BEF9DA62-A363-496D-ACAA-8373EF0AA105}.Debug|Any CPU.ActiveCfg = Debug|Any CPU
		{BEF9DA62-A363-496D-ACAA-8373EF0AA105}.Debug|Any CPU.Build.0 = Debug|Any CPU
		{BEF9DA62-A363-496D-ACAA-8373EF0AA105}.Release|Any CPU.ActiveCfg = Release|Any CPU
		{BEF9DA62-A363-496D-ACAA-8373EF0AA105}.Release|Any CPU.Build.0 = Release|Any CPU
		{3BAECD64-9748-43F0-823E-CC7CC7F9DE50}.Debug|Any CPU.ActiveCfg = Debug|Any CPU
		{3BAECD64-9748-43F0-823E-CC7CC7F9DE50}.Debug|Any CPU.Build.0 = Debug|Any CPU
		{3BAECD64-9748-43F0-823E-CC7CC7F9DE50}.Release|Any CPU.ActiveCfg = Release|Any CPU
		{3BAECD64-9748-43F0-823E-CC7CC7F9DE50}.Release|Any CPU.Build.0 = Release|Any CPU
		{8CECFB44-E668-4665-B13E-82C14F2A8F72}.Debug|Any CPU.ActiveCfg = Debug|Any CPU
		{8CECFB44-E668-4665-B13E-82C14F2A8F72}.Debug|Any CPU.Build.0 = Debug|Any CPU
		{8CECFB44-E668-4665-B13E-82C14F2A8F72}.Release|Any CPU.ActiveCfg = Release|Any CPU
		{8CECFB44-E668-4665-B13E-82C14F2A8F72}.Release|Any CPU.Build.0 = Release|Any CPU
		{B3D23C06-FA04-45E6-B652-BB5A44051DC7}.Debug|Any CPU.ActiveCfg = Debug|Any CPU
		{B3D23C06-FA04-45E6-B652-BB5A44051DC7}.Debug|Any CPU.Build.0 = Debug|Any CPU
		{B3D23C06-FA04-45E6-B652-BB5A44051DC7}.Release|Any CPU.ActiveCfg = Release|Any CPU
		{B3D23C06-FA04-45E6-B652-BB5A44051DC7}.Release|Any CPU.Build.0 = Release|Any CPU
		{2F8999A4-F87C-425B-9E15-2B27EEAD72DE}.Debug|Any CPU.ActiveCfg = Debug|Any CPU
		{2F8999A4-F87C-425B-9E15-2B27EEAD72DE}.Debug|Any CPU.Build.0 = Debug|Any CPU
		{2F8999A4-F87C-425B-9E15-2B27EEAD72DE}.Release|Any CPU.ActiveCfg = Release|Any CPU
		{2F8999A4-F87C-425B-9E15-2B27EEAD72DE}.Release|Any CPU.Build.0 = Release|Any CPU
		{B1A894DA-D399-4899-836F-C565D8C951BE}.Debug|Any CPU.ActiveCfg = Debug|Any CPU
		{B1A894DA-D399-4899-836F-C565D8C951BE}.Debug|Any CPU.Build.0 = Debug|Any CPU
		{B1A894DA-D399-4899-836F-C565D8C951BE}.Release|Any CPU.ActiveCfg = Release|Any CPU
		{B1A894DA-D399-4899-836F-C565D8C951BE}.Release|Any CPU.Build.0 = Release|Any CPU
		{68DF41D5-1244-4D2E-8090-A68D2C18F468}.Debug|Any CPU.ActiveCfg = Debug|Any CPU
		{68DF41D5-1244-4D2E-8090-A68D2C18F468}.Debug|Any CPU.Build.0 = Debug|Any CPU
		{68DF41D5-1244-4D2E-8090-A68D2C18F468}.Release|Any CPU.ActiveCfg = Release|Any CPU
		{68DF41D5-1244-4D2E-8090-A68D2C18F468}.Release|Any CPU.Build.0 = Release|Any CPU
		{F4E9E30F-E9FA-4D34-A494-6C8EAE37AF0A}.Debug|Any CPU.ActiveCfg = Debug|Any CPU
		{F4E9E30F-E9FA-4D34-A494-6C8EAE37AF0A}.Debug|Any CPU.Build.0 = Debug|Any CPU
		{F4E9E30F-E9FA-4D34-A494-6C8EAE37AF0A}.Release|Any CPU.ActiveCfg = Release|Any CPU
		{F4E9E30F-E9FA-4D34-A494-6C8EAE37AF0A}.Release|Any CPU.Build.0 = Release|Any CPU
	EndGlobalSection
	GlobalSection(NestedProjects) = preSolution
		{FDCB9B74-1E3E-4839-B3BB-4E40B7F9A231} = {E951A137-022F-4DD0-A7F3-B6628E2ED505}
		{C2FF1213-2ED8-430F-8CBA-DC948FB7E0F3} = {FDCB9B74-1E3E-4839-B3BB-4E40B7F9A231}
		{30A8FF08-8382-4B73-8F8D-E498E6EC97A1} = {C2FF1213-2ED8-430F-8CBA-DC948FB7E0F3}
		{2207ADDD-1523-447A-9921-72293D8DE4E4} = {C2FF1213-2ED8-430F-8CBA-DC948FB7E0F3}
		{0C2050E8-E921-490C-9A6C-80F5D91D1070} = {FDCB9B74-1E3E-4839-B3BB-4E40B7F9A231}
		{A47B792C-08B9-49B3-B997-917543C91171} = {0C2050E8-E921-490C-9A6C-80F5D91D1070}
		{434452FA-8EA4-435A-B953-CFE442B17331} = {0C2050E8-E921-490C-9A6C-80F5D91D1070}
		{42E6F949-6AC5-4B88-BE4D-8768961D4F2A} = {FDCB9B74-1E3E-4839-B3BB-4E40B7F9A231}
		{2F52F0DB-FC71-4166-9060-140B154D8830} = {E951A137-022F-4DD0-A7F3-B6628E2ED505}
		{F99FD809-8031-493A-BC7F-AEF6EA9D9878} = {2F52F0DB-FC71-4166-9060-140B154D8830}
		{BEF9DA62-A363-496D-ACAA-8373EF0AA105} = {2F52F0DB-FC71-4166-9060-140B154D8830}
		{801404CB-8317-45E8-B405-11A27E8D38AB} = {E951A137-022F-4DD0-A7F3-B6628E2ED505}
		{3BAECD64-9748-43F0-823E-CC7CC7F9DE50} = {801404CB-8317-45E8-B405-11A27E8D38AB}
		{8CECFB44-E668-4665-B13E-82C14F2A8F72} = {801404CB-8317-45E8-B405-11A27E8D38AB}
		{B3D23C06-FA04-45E6-B652-BB5A44051DC7} = {F1FC8D78-398E-4475-A6C3-44CEAD954D27}
		{2F8999A4-F87C-425B-9E15-2B27EEAD72DE} = {F1FC8D78-398E-4475-A6C3-44CEAD954D27}
		{B1A894DA-D399-4899-836F-C565D8C951BE} = {F1FC8D78-398E-4475-A6C3-44CEAD954D27}
		{68DF41D5-1244-4D2E-8090-A68D2C18F468} = {F1FC8D78-398E-4475-A6C3-44CEAD954D27}
		{F4E9E30F-E9FA-4D34-A494-6C8EAE37AF0A} = {C2FF1213-2ED8-430F-8CBA-DC948FB7E0F3}
	EndGlobalSection
EndGlobal
